github.com/andybalholm/brotli v1.0.4 h1:V7DdXeJtZscaqfNuAdSRuRFzuiKlHSC/Zh3zl9qY3JY=
github.com/andybalholm/brotli v1.0.4/go.mod h1:fO7iG3H7G2nSZ7m0zPUDn85XEX2GTukHGRSepvi9Eig=
github.com/bogdanfinn/fhttp v0.5.19 h1:/FKuFAtSw3+iZyNkaWXRDSVqMmOvThDjXanlG6/DXos=
github.com/bogdanfinn/fhttp v0.5.19/go.mod h1:emv9FntlC5eAyrIUhCi6oC5NLoBC9d4AJLCq2T1bobY=
github.com/bogdanfinn/tls-client v1.3.8 h1:HIucpArqyqOUIN/7MDJJA9Ngt+lKHUyoQ2y2CUjIDNM=
github.com/bogdanfinn/tls-client v1.3.8/go.mod h1:dMt6v22wNyA1Y4e3Us6jK3lC64Y6FE2cziydZ7pGK3A=
github.com/bogdanfinn/utls v1.5.15 h1:XUUMJZh2AptaouuwUrc/RQOYgyV89rstC5Nj3FSP43s=
github.com/bogdanfinn/utls v1.5.15/go.mod h1:mHeRCi69cUiEyVBkKONB1cAbLjRcZnlJbGzttmiuK4o=
github.com/klauspost/compress v1.15.12 h1:YClS/PImqYbn+UILDnqxQCZ3RehC9N318SU3kElDUEM=
github.com/klauspost/compress v1.15.12/go.mod h1:QPwzmACJjUTFsnSHH934V6woptycfrDDJnH7hvFVbGM=
github.com/nirasan/go-oauth-pkce-code-verifier v0.0.0-20220510032225-4f9f17eaec4c h1:4RYnE0ISVwRxm9Dfo7utw1dh0kdRDEmVYq2MFVLy5zI=
github.com/nirasan/go-oauth-pkce-code-verifier v0.0.0-20220510032225-4f9f17eaec4c/go.mod h1:DvuJJ/w1Y59rG8UTDxsMk5U+UJXJwuvUgbiJSm9yhX8=
github.com/tam7t/hpkp v0.0.0-20160821193359-2b70b4024ed5 h1:YqAladjX7xpA6BM04leXMWAEjS0mTZ5kUU9KRBriQJc=
github.com/tam7t/hpkp v0.0.0-20160821193359-2b70b4024ed5/go.mod h1:2JjD2zLQYH5HO74y5+aE3remJQvl6q4Sn6aWA2wD1Ng=
golang.org/x/crypto v0.1.0 h1:MDRAIl0xIo9Io2xV565hzXHw3zVseKrJKodhohM5CjU=
golang.org/x/crypto v0.1.0/go.mod h1:RecgLatLF4+eUMCP1PoPZQb+cVrJcOPbHkTkbkB9sbw=
golang.org/x/net v0.7.0 h1:rJrUqqhjsgNp7KqAIc25s9pZnjU7TUcSY7HcVZjdn1g=
golang.org/x/net v0.7.0/go.mod h1:2Tu9+aMcznHK/AK1HMvgo6xiTLG5rD5rZLDS+rp2Bjs=
golang.org/x/sys v0.5.0 h1:MUK/U/4lj1t1oPg0HfuXDN/Z1wv31ZJ/YcPiGccS4DU=
golang.org/x/sys v0.5.0/go.mod h1:oPkhp1MJrh7nUepCBck5+mAzfO9JrbApNNgaTdGDITg=
golang.org/x/text v0.7.0 h1:4BRB4x83lYWy72KwLD/qYDuTu7q9PjSagHvijDw7cLo=
golang.org/x/text v0.7.0/go.mod h1:mrYo+phRRbMaCq/xk9113O4dZlRixOauAjOtrjsXDZ8=
